
Microsoft Visual Studio Solution File, Format Version 12.00
# Visual Studio 15
VisualStudioVersion = 15.0.26124.0
MinimumVisualStudioVersion = 15.0.26124.0
Project("{2150E333-8FDC-42A3-9474-1A3956D46DE8}") = "Code", "Code", "{C596FA3E-4185-404C-AA16-A8BAC49F7147}"
EndProject
Project("{FAE04EC0-301F-11D3-BF4B-00C04F79EFBC}") = "twodot.Api", "Code\twodot.Api\twodot.Api.csproj", "{37E9E904-22C6-48EB-9E65-4E716CB6DD00}"
EndProject
Project("{FAE04EC0-301F-11D3-BF4B-00C04F79EFBC}") = "twodot.Business", "Code\twodot.Business\twodot.Business.csproj", "{DFCA1DA4-7E15-4B1C-BED5-A4F8754673B1}"
EndProject
Project("{FAE04EC0-301F-11D3-BF4B-00C04F79EFBC}") = "twodot.Data", "Code\twodot.Data\twodot.Data.csproj", "{D70A22FD-83C3-44CD-AE2B-7A3FCE5B4746}"
EndProject
Project("{FAE04EC0-301F-11D3-BF4B-00C04F79EFBC}") = "twodot.Entities", "Code\twodot.Entities\twodot.Entities.csproj", "{C9747479-D6BA-441A-9A62-79122238A226}"
EndProject
Project("{FAE04EC0-301F-11D3-BF4B-00C04F79EFBC}") = "twodot.Test.Api", "Code\twodot.Test.Api\twodot.Test.Api.csproj", "{BD63D592-26D3-45FA-A71A-65BDB350ADB3}"
EndProject
Project("{FAE04EC0-301F-11D3-BF4B-00C04F79EFBC}") = "twodot.Test.Business", "Code\twodot.Test.Business\twodot.Test.Business.csproj", "{6DEE000D-3EC3-40C5-82FB-3EB9A5BFECD0}"
EndProject
Project("{FAE04EC0-301F-11D3-BF4B-00C04F79EFBC}") = "twodot.Test.Framework", "Code\twodot.Test.Framework\twodot.Test.Framework.csproj", "{CA52A48D-E2C8-4296-A1B4-E6DD18D5AC99}"
EndProject
Project("{2150E333-8FDC-42A3-9474-1A3956D46DE8}") = "Test", "Test", "{03C08A57-C5C3-4C34-9B6E-0F5DC9614D4F}"
EndProject
Global
	GlobalSection(SolutionConfigurationPlatforms) = preSolution
		Debug|Any CPU = Debug|Any CPU
		Debug|x64 = Debug|x64
		Debug|x86 = Debug|x86
		Release|Any CPU = Release|Any CPU
		Release|x64 = Release|x64
		Release|x86 = Release|x86
	EndGlobalSection
	GlobalSection(SolutionProperties) = preSolution
		HideSolutionNode = FALSE
	EndGlobalSection
	GlobalSection(ProjectConfigurationPlatforms) = postSolution
		{37E9E904-22C6-48EB-9E65-4E716CB6DD00}.Debug|Any CPU.ActiveCfg = Debug|Any CPU
		{37E9E904-22C6-48EB-9E65-4E716CB6DD00}.Debug|Any CPU.Build.0 = Debug|Any CPU
		{37E9E904-22C6-48EB-9E65-4E716CB6DD00}.Debug|x64.ActiveCfg = Debug|Any CPU
		{37E9E904-22C6-48EB-9E65-4E716CB6DD00}.Debug|x64.Build.0 = Debug|Any CPU
		{37E9E904-22C6-48EB-9E65-4E716CB6DD00}.Debug|x86.ActiveCfg = Debug|Any CPU
		{37E9E904-22C6-48EB-9E65-4E716CB6DD00}.Debug|x86.Build.0 = Debug|Any CPU
		{37E9E904-22C6-48EB-9E65-4E716CB6DD00}.Release|Any CPU.ActiveCfg = Release|Any CPU
		{37E9E904-22C6-48EB-9E65-4E716CB6DD00}.Release|Any CPU.Build.0 = Release|Any CPU
		{37E9E904-22C6-48EB-9E65-4E716CB6DD00}.Release|x64.ActiveCfg = Release|Any CPU
		{37E9E904-22C6-48EB-9E65-4E716CB6DD00}.Release|x64.Build.0 = Release|Any CPU
		{37E9E904-22C6-48EB-9E65-4E716CB6DD00}.Release|x86.ActiveCfg = Release|Any CPU
		{37E9E904-22C6-48EB-9E65-4E716CB6DD00}.Release|x86.Build.0 = Release|Any CPU
		{DFCA1DA4-7E15-4B1C-BED5-A4F8754673B1}.Debug|Any CPU.ActiveCfg = Debug|Any CPU
		{DFCA1DA4-7E15-4B1C-BED5-A4F8754673B1}.Debug|Any CPU.Build.0 = Debug|Any CPU
		{DFCA1DA4-7E15-4B1C-BED5-A4F8754673B1}.Debug|x64.ActiveCfg = Debug|Any CPU
		{DFCA1DA4-7E15-4B1C-BED5-A4F8754673B1}.Debug|x64.Build.0 = Debug|Any CPU
		{DFCA1DA4-7E15-4B1C-BED5-A4F8754673B1}.Debug|x86.ActiveCfg = Debug|Any CPU
		{DFCA1DA4-7E15-4B1C-BED5-A4F8754673B1}.Debug|x86.Build.0 = Debug|Any CPU
		{DFCA1DA4-7E15-4B1C-BED5-A4F8754673B1}.Release|Any CPU.ActiveCfg = Release|Any CPU
		{DFCA1DA4-7E15-4B1C-BED5-A4F8754673B1}.Release|Any CPU.Build.0 = Release|Any CPU
		{DFCA1DA4-7E15-4B1C-BED5-A4F8754673B1}.Release|x64.ActiveCfg = Release|Any CPU
		{DFCA1DA4-7E15-4B1C-BED5-A4F8754673B1}.Release|x64.Build.0 = Release|Any CPU
		{DFCA1DA4-7E15-4B1C-BED5-A4F8754673B1}.Release|x86.ActiveCfg = Release|Any CPU
		{DFCA1DA4-7E15-4B1C-BED5-A4F8754673B1}.Release|x86.Build.0 = Release|Any CPU
		{D70A22FD-83C3-44CD-AE2B-7A3FCE5B4746}.Debug|Any CPU.ActiveCfg = Debug|Any CPU
		{D70A22FD-83C3-44CD-AE2B-7A3FCE5B4746}.Debug|Any CPU.Build.0 = Debug|Any CPU
		{D70A22FD-83C3-44CD-AE2B-7A3FCE5B4746}.Debug|x64.ActiveCfg = Debug|Any CPU
		{D70A22FD-83C3-44CD-AE2B-7A3FCE5B4746}.Debug|x64.Build.0 = Debug|Any CPU
		{D70A22FD-83C3-44CD-AE2B-7A3FCE5B4746}.Debug|x86.ActiveCfg = Debug|Any CPU
		{D70A22FD-83C3-44CD-AE2B-7A3FCE5B4746}.Debug|x86.Build.0 = Debug|Any CPU
		{D70A22FD-83C3-44CD-AE2B-7A3FCE5B4746}.Release|Any CPU.ActiveCfg = Release|Any CPU
		{D70A22FD-83C3-44CD-AE2B-7A3FCE5B4746}.Release|Any CPU.Build.0 = Release|Any CPU
		{D70A22FD-83C3-44CD-AE2B-7A3FCE5B4746}.Release|x64.ActiveCfg = Release|Any CPU
		{D70A22FD-83C3-44CD-AE2B-7A3FCE5B4746}.Release|x64.Build.0 = Release|Any CPU
		{D70A22FD-83C3-44CD-AE2B-7A3FCE5B4746}.Release|x86.ActiveCfg = Release|Any CPU
		{D70A22FD-83C3-44CD-AE2B-7A3FCE5B4746}.Release|x86.Build.0 = Release|Any CPU
		{C9747479-D6BA-441A-9A62-79122238A226}.Debug|Any CPU.ActiveCfg = Debug|Any CPU
		{C9747479-D6BA-441A-9A62-79122238A226}.Debug|Any CPU.Build.0 = Debug|Any CPU
		{C9747479-D6BA-441A-9A62-79122238A226}.Debug|x64.ActiveCfg = Debug|Any CPU
		{C9747479-D6BA-441A-9A62-79122238A226}.Debug|x64.Build.0 = Debug|Any CPU
		{C9747479-D6BA-441A-9A62-79122238A226}.Debug|x86.ActiveCfg = Debug|Any CPU
		{C9747479-D6BA-441A-9A62-79122238A226}.Debug|x86.Build.0 = Debug|Any CPU
		{C9747479-D6BA-441A-9A62-79122238A226}.Release|Any CPU.ActiveCfg = Release|Any CPU
		{C9747479-D6BA-441A-9A62-79122238A226}.Release|Any CPU.Build.0 = Release|Any CPU
		{C9747479-D6BA-441A-9A62-79122238A226}.Release|x64.ActiveCfg = Release|Any CPU
		{C9747479-D6BA-441A-9A62-79122238A226}.Release|x64.Build.0 = Release|Any CPU
		{C9747479-D6BA-441A-9A62-79122238A226}.Release|x86.ActiveCfg = Release|Any CPU
		{C9747479-D6BA-441A-9A62-79122238A226}.Release|x86.Build.0 = Release|Any CPU
		{BD63D592-26D3-45FA-A71A-65BDB350ADB3}.Debug|Any CPU.ActiveCfg = Debug|Any CPU
		{BD63D592-26D3-45FA-A71A-65BDB350ADB3}.Debug|Any CPU.Build.0 = Debug|Any CPU
		{BD63D592-26D3-45FA-A71A-65BDB350ADB3}.Debug|x64.ActiveCfg = Debug|Any CPU
		{BD63D592-26D3-45FA-A71A-65BDB350ADB3}.Debug|x64.Build.0 = Debug|Any CPU
		{BD63D592-26D3-45FA-A71A-65BDB350ADB3}.Debug|x86.ActiveCfg = Debug|Any CPU
		{BD63D592-26D3-45FA-A71A-65BDB350ADB3}.Debug|x86.Build.0 = Debug|Any CPU
		{BD63D592-26D3-45FA-A71A-65BDB350ADB3}.Release|Any CPU.ActiveCfg = Release|Any CPU
		{BD63D592-26D3-45FA-A71A-65BDB350ADB3}.Release|Any CPU.Build.0 = Release|Any CPU
		{BD63D592-26D3-45FA-A71A-65BDB350ADB3}.Release|x64.ActiveCfg = Release|Any CPU
		{BD63D592-26D3-45FA-A71A-65BDB350ADB3}.Release|x64.Build.0 = Release|Any CPU
		{BD63D592-26D3-45FA-A71A-65BDB350ADB3}.Release|x86.ActiveCfg = Release|Any CPU
		{BD63D592-26D3-45FA-A71A-65BDB350ADB3}.Release|x86.Build.0 = Release|Any CPU
		{6DEE000D-3EC3-40C5-82FB-3EB9A5BFECD0}.Debug|Any CPU.ActiveCfg = Debug|Any CPU
		{6DEE000D-3EC3-40C5-82FB-3EB9A5BFECD0}.Debug|Any CPU.Build.0 = Debug|Any CPU
		{6DEE000D-3EC3-40C5-82FB-3EB9A5BFECD0}.Debug|x64.ActiveCfg = Debug|Any CPU
		{6DEE000D-3EC3-40C5-82FB-3EB9A5BFECD0}.Debug|x64.Build.0 = Debug|Any CPU
		{6DEE000D-3EC3-40C5-82FB-3EB9A5BFECD0}.Debug|x86.ActiveCfg = Debug|Any CPU
		{6DEE000D-3EC3-40C5-82FB-3EB9A5BFECD0}.Debug|x86.Build.0 = Debug|Any CPU
		{6DEE000D-3EC3-40C5-82FB-3EB9A5BFECD0}.Release|Any CPU.ActiveCfg = Release|Any CPU
		{6DEE000D-3EC3-40C5-82FB-3EB9A5BFECD0}.Release|Any CPU.Build.0 = Release|Any CPU
		{6DEE000D-3EC3-40C5-82FB-3EB9A5BFECD0}.Release|x64.ActiveCfg = Release|Any CPU
		{6DEE000D-3EC3-40C5-82FB-3EB9A5BFECD0}.Release|x64.Build.0 = Release|Any CPU
		{6DEE000D-3EC3-40C5-82FB-3EB9A5BFECD0}.Release|x86.ActiveCfg = Release|Any CPU
		{6DEE000D-3EC3-40C5-82FB-3EB9A5BFECD0}.Release|x86.Build.0 = Release|Any CPU
		{CA52A48D-E2C8-4296-A1B4-E6DD18D5AC99}.Debug|Any CPU.ActiveCfg = Debug|Any CPU
		{CA52A48D-E2C8-4296-A1B4-E6DD18D5AC99}.Debug|Any CPU.Build.0 = Debug|Any CPU
		{CA52A48D-E2C8-4296-A1B4-E6DD18D5AC99}.Debug|x64.ActiveCfg = Debug|Any CPU
		{CA52A48D-E2C8-4296-A1B4-E6DD18D5AC99}.Debug|x64.Build.0 = Debug|Any CPU
		{CA52A48D-E2C8-4296-A1B4-E6DD18D5AC99}.Debug|x86.ActiveCfg = Debug|Any CPU
		{CA52A48D-E2C8-4296-A1B4-E6DD18D5AC99}.Debug|x86.Build.0 = Debug|Any CPU
		{CA52A48D-E2C8-4296-A1B4-E6DD18D5AC99}.Release|Any CPU.ActiveCfg = Release|Any CPU
		{CA52A48D-E2C8-4296-A1B4-E6DD18D5AC99}.Release|Any CPU.Build.0 = Release|Any CPU
		{CA52A48D-E2C8-4296-A1B4-E6DD18D5AC99}.Release|x64.ActiveCfg = Release|Any CPU
		{CA52A48D-E2C8-4296-A1B4-E6DD18D5AC99}.Release|x64.Build.0 = Release|Any CPU
		{CA52A48D-E2C8-4296-A1B4-E6DD18D5AC99}.Release|x86.ActiveCfg = Release|Any CPU
		{CA52A48D-E2C8-4296-A1B4-E6DD18D5AC99}.Release|x86.Build.0 = Release|Any CPU
	EndGlobalSection
	GlobalSection(NestedProjects) = preSolution
		{37E9E904-22C6-48EB-9E65-4E716CB6DD00} = {C596FA3E-4185-404C-AA16-A8BAC49F7147}
		{DFCA1DA4-7E15-4B1C-BED5-A4F8754673B1} = {C596FA3E-4185-404C-AA16-A8BAC49F7147}
		{D70A22FD-83C3-44CD-AE2B-7A3FCE5B4746} = {C596FA3E-4185-404C-AA16-A8BAC49F7147}
		{C9747479-D6BA-441A-9A62-79122238A226} = {C596FA3E-4185-404C-AA16-A8BAC49F7147}
		{BD63D592-26D3-45FA-A71A-65BDB350ADB3} = {03C08A57-C5C3-4C34-9B6E-0F5DC9614D4F}
		{6DEE000D-3EC3-40C5-82FB-3EB9A5BFECD0} = {03C08A57-C5C3-4C34-9B6E-0F5DC9614D4F}
		{CA52A48D-E2C8-4296-A1B4-E6DD18D5AC99} = {03C08A57-C5C3-4C34-9B6E-0F5DC9614D4F}
	EndGlobalSection
EndGlobal
